// !$*UTF8*$!
{
	archiveVersion = 1;
	classes = {
	};
	objectVersion = 56;
	objects = {

/* Begin PBXBuildFile section */
		312B3F672B97617000CC2A01 /* TitleVM.swift in Sources */ = {isa = PBXBuildFile; fileRef = 312B3F662B97617000CC2A01 /* TitleVM.swift */; };
		312B3F692B98A9DF00CC2A01 /* SearchResultsVC.swift in Sources */ = {isa = PBXBuildFile; fileRef = 312B3F682B98A9DF00CC2A01 /* SearchResultsVC.swift */; };
		3141092F2B93356A00454AAE /* TitleCollectionViewCell.swift in Sources */ = {isa = PBXBuildFile; fileRef = 3141092E2B93356A00454AAE /* TitleCollectionViewCell.swift */; };
		314109322B933BA800454AAE /* SDWebImage in Frameworks */ = {isa = PBXBuildFile; productRef = 314109312B933BA800454AAE /* SDWebImage */; };
		314109342B94BF3F00454AAE /* TitleTableViewCell.swift in Sources */ = {isa = PBXBuildFile; fileRef = 314109332B94BF3F00454AAE /* TitleTableViewCell.swift */; };
		3149BB302BA474FC00E756F4 /* DataPersistenceManager.swift in Sources */ = {isa = PBXBuildFile; fileRef = 3149BB2F2BA474FC00E756F4 /* DataPersistenceManager.swift */; };
		315CDFEF2BA44FB100BBABE7 /* Model.xcdatamodeld in Sources */ = {isa = PBXBuildFile; fileRef = 315CDFED2BA44FB100BBABE7 /* Model.xcdatamodeld */; };
		319F95092B7C0279008915D0 /* AppDelegate.swift in Sources */ = {isa = PBXBuildFile; fileRef = 319F95082B7C0279008915D0 /* AppDelegate.swift */; };
		319F950B2B7C0279008915D0 /* SceneDelegate.swift in Sources */ = {isa = PBXBuildFile; fileRef = 319F950A2B7C0279008915D0 /* SceneDelegate.swift */; };
		319F950D2B7C0279008915D0 /* TabBarVC.swift in Sources */ = {isa = PBXBuildFile; fileRef = 319F950C2B7C0279008915D0 /* TabBarVC.swift */; };
		319F95122B7C027A008915D0 /* Assets.xcassets in Resources */ = {isa = PBXBuildFile; fileRef = 319F95112B7C027A008915D0 /* Assets.xcassets */; };
		319F95152B7C027A008915D0 /* LaunchScreen.storyboard in Resources */ = {isa = PBXBuildFile; fileRef = 319F95132B7C027A008915D0 /* LaunchScreen.storyboard */; };
		319F951E2B7C0A36008915D0 /* HomeVC.swift in Sources */ = {isa = PBXBuildFile; fileRef = 319F951D2B7C0A36008915D0 /* HomeVC.swift */; };
		319F95202B7C0A4D008915D0 /* SearchVC.swift in Sources */ = {isa = PBXBuildFile; fileRef = 319F951F2B7C0A4D008915D0 /* SearchVC.swift */; };
		319F95222B7C0A6E008915D0 /* LibraryVC.swift in Sources */ = {isa = PBXBuildFile; fileRef = 319F95212B7C0A6E008915D0 /* LibraryVC.swift */; };
		319F95242B7C0CC5008915D0 /* UpcomingVC.swift in Sources */ = {isa = PBXBuildFile; fileRef = 319F95232B7C0CC5008915D0 /* UpcomingVC.swift */; };
		31A2901A2B8D014C00A3569C /* APICaller.swift in Sources */ = {isa = PBXBuildFile; fileRef = 31A290192B8D014C00A3569C /* APICaller.swift */; };
		31A2901C2B8F7E8E00A3569C /* Movie.swift in Sources */ = {isa = PBXBuildFile; fileRef = 31A2901B2B8F7E8E00A3569C /* Movie.swift */; };
		31B7A0AF2B87CF88003684A3 /* CollectionViewTableViewCell.swift in Sources */ = {isa = PBXBuildFile; fileRef = 31B7A0AE2B87CF88003684A3 /* CollectionViewTableViewCell.swift */; };
		31B7A0B12B8888D1003684A3 /* HeroHeaderUIView.swift in Sources */ = {isa = PBXBuildFile; fileRef = 31B7A0B02B8888D1003684A3 /* HeroHeaderUIView.swift */; };
		31F203B72B99CC2E0064955F /* YTResponse.swift in Sources */ = {isa = PBXBuildFile; fileRef = 31F203B62B99CC2E0064955F /* YTResponse.swift */; };
		31F203B92B99E3960064955F /* TitlePreviewVC.swift in Sources */ = {isa = PBXBuildFile; fileRef = 31F203B82B99E3960064955F /* TitlePreviewVC.swift */; };
		31F203BB2B9A315B0064955F /* TitlePreviewVM.swift in Sources */ = {isa = PBXBuildFile; fileRef = 31F203BA2B9A315B0064955F /* TitlePreviewVM.swift */; };
/* End PBXBuildFile section */

/* Begin PBXFileReference section */
		312B3F662B97617000CC2A01 /* TitleVM.swift */ = {isa = PBXFileReference; lastKnownFileType = sourcecode.swift; path = TitleVM.swift; sourceTree = "<group>"; };
		312B3F682B98A9DF00CC2A01 /* SearchResultsVC.swift */ = {isa = PBXFileReference; lastKnownFileType = sourcecode.swift; path = SearchResultsVC.swift; sourceTree = "<group>"; };
		3141092E2B93356A00454AAE /* TitleCollectionViewCell.swift */ = {isa = PBXFileReference; lastKnownFileType = sourcecode.swift; path = TitleCollectionViewCell.swift; sourceTree = "<group>"; };
		314109332B94BF3F00454AAE /* TitleTableViewCell.swift */ = {isa = PBXFileReference; lastKnownFileType = sourcecode.swift; path = TitleTableViewCell.swift; sourceTree = "<group>"; };
		3149BB2F2BA474FC00E756F4 /* DataPersistenceManager.swift */ = {isa = PBXFileReference; lastKnownFileType = sourcecode.swift; path = DataPersistenceManager.swift; sourceTree = "<group>"; };
		315CDFEE2BA44FB100BBABE7 /* Model.xcdatamodel */ = {isa = PBXFileReference; lastKnownFileType = wrapper.xcdatamodel; path = Model.xcdatamodel; sourceTree = "<group>"; };
		319F95052B7C0279008915D0 /* TrailerHub.app */ = {isa = PBXFileReference; explicitFileType = wrapper.application; includeInIndex = 0; path = TrailerHub.app; sourceTree = BUILT_PRODUCTS_DIR; };
		319F95082B7C0279008915D0 /* AppDelegate.swift */ = {isa = PBXFileReference; lastKnownFileType = sourcecode.swift; path = AppDelegate.swift; sourceTree = "<group>"; };
		319F950A2B7C0279008915D0 /* SceneDelegate.swift */ = {isa = PBXFileReference; lastKnownFileType = sourcecode.swift; path = SceneDelegate.swift; sourceTree = "<group>"; };
		319F950C2B7C0279008915D0 /* TabBarVC.swift */ = {isa = PBXFileReference; lastKnownFileType = sourcecode.swift; path = TabBarVC.swift; sourceTree = "<group>"; };
		319F95112B7C027A008915D0 /* Assets.xcassets */ = {isa = PBXFileReference; lastKnownFileType = folder.assetcatalog; path = Assets.xcassets; sourceTree = "<group>"; };
		319F95142B7C027A008915D0 /* Base */ = {isa = PBXFileReference; lastKnownFileType = file.storyboard; name = Base; path = Base.lproj/LaunchScreen.storyboard; sourceTree = "<group>"; };
		319F95162B7C027A008915D0 /* Info.plist */ = {isa = PBXFileReference; lastKnownFileType = text.plist.xml; path = Info.plist; sourceTree = "<group>"; };
		319F951D2B7C0A36008915D0 /* HomeVC.swift */ = {isa = PBXFileReference; lastKnownFileType = sourcecode.swift; path = HomeVC.swift; sourceTree = "<group>"; };
		319F951F2B7C0A4D008915D0 /* SearchVC.swift */ = {isa = PBXFileReference; lastKnownFileType = sourcecode.swift; path = SearchVC.swift; sourceTree = "<group>"; };
		319F95212B7C0A6E008915D0 /* LibraryVC.swift */ = {isa = PBXFileReference; lastKnownFileType = sourcecode.swift; path = LibraryVC.swift; sourceTree = "<group>"; };
		319F95232B7C0CC5008915D0 /* UpcomingVC.swift */ = {isa = PBXFileReference; lastKnownFileType = sourcecode.swift; path = UpcomingVC.swift; sourceTree = "<group>"; };
		31A290192B8D014C00A3569C /* APICaller.swift */ = {isa = PBXFileReference; lastKnownFileType = sourcecode.swift; path = APICaller.swift; sourceTree = "<group>"; };
		31A2901B2B8F7E8E00A3569C /* Movie.swift */ = {isa = PBXFileReference; lastKnownFileType = sourcecode.swift; path = Movie.swift; sourceTree = "<group>"; };
		31B7A0AE2B87CF88003684A3 /* CollectionViewTableViewCell.swift */ = {isa = PBXFileReference; lastKnownFileType = sourcecode.swift; path = CollectionViewTableViewCell.swift; sourceTree = "<group>"; };
		31B7A0B02B8888D1003684A3 /* HeroHeaderUIView.swift */ = {isa = PBXFileReference; lastKnownFileType = sourcecode.swift; path = HeroHeaderUIView.swift; sourceTree = "<group>"; };
		31F203B62B99CC2E0064955F /* YTResponse.swift */ = {isa = PBXFileReference; lastKnownFileType = sourcecode.swift; path = YTResponse.swift; sourceTree = "<group>"; };
		31F203B82B99E3960064955F /* TitlePreviewVC.swift */ = {isa = PBXFileReference; lastKnownFileType = sourcecode.swift; path = TitlePreviewVC.swift; sourceTree = "<group>"; };
		31F203BA2B9A315B0064955F /* TitlePreviewVM.swift */ = {isa = PBXFileReference; lastKnownFileType = sourcecode.swift; path = TitlePreviewVM.swift; sourceTree = "<group>"; };
/* End PBXFileReference section */

/* Begin PBXFrameworksBuildPhase section */
		319F95022B7C0279008915D0 /* Frameworks */ = {
			isa = PBXFrameworksBuildPhase;
			buildActionMask = 2147483647;
			files = (
				314109322B933BA800454AAE /* SDWebImage in Frameworks */,
			);
			runOnlyForDeploymentPostprocessing = 0;
		};
/* End PBXFrameworksBuildPhase section */

/* Begin PBXGroup section */
		319F94FC2B7C0279008915D0 = {
			isa = PBXGroup;
			children = (
				315CDFED2BA44FB100BBABE7 /* Model.xcdatamodeld */,
				319F95072B7C0279008915D0 /* TrailerHub */,
				319F95062B7C0279008915D0 /* Products */,
			);
			sourceTree = "<group>";
		};
		319F95062B7C0279008915D0 /* Products */ = {
			isa = PBXGroup;
			children = (
				319F95052B7C0279008915D0 /* TrailerHub.app */,
			);
			name = Products;
			sourceTree = "<group>";
		};
		319F95072B7C0279008915D0 /* TrailerHub */ = {
			isa = PBXGroup;
			children = (
				31A290182B8D00E900A3569C /* Managers */,
				31B7A0AB2B87CEEE003684A3 /* Models */,
				31B7A0AD2B87CEFF003684A3 /* ViewModels */,
				31B7A0AC2B87CEF7003684A3 /* Views */,
				319F951C2B7C0A1A008915D0 /* Controllers */,
				319F95082B7C0279008915D0 /* AppDelegate.swift */,
				319F950A2B7C0279008915D0 /* SceneDelegate.swift */,
				319F95112B7C027A008915D0 /* Assets.xcassets */,
				319F95132B7C027A008915D0 /* LaunchScreen.storyboard */,
				319F95162B7C027A008915D0 /* Info.plist */,
			);
			path = TrailerHub;
			sourceTree = "<group>";
		};
		319F951C2B7C0A1A008915D0 /* Controllers */ = {
			isa = PBXGroup;
			children = (
				319F950C2B7C0279008915D0 /* TabBarVC.swift */,
				312B3F682B98A9DF00CC2A01 /* SearchResultsVC.swift */,
				31F203B82B99E3960064955F /* TitlePreviewVC.swift */,
				319F95252B7C0CCF008915D0 /* Core */,
			);
			path = Controllers;
			sourceTree = "<group>";
		};
		319F95252B7C0CCF008915D0 /* Core */ = {
			isa = PBXGroup;
			children = (
				319F951D2B7C0A36008915D0 /* HomeVC.swift */,
				319F95232B7C0CC5008915D0 /* UpcomingVC.swift */,
				319F951F2B7C0A4D008915D0 /* SearchVC.swift */,
				319F95212B7C0A6E008915D0 /* LibraryVC.swift */,
			);
			path = Core;
			sourceTree = "<group>";
		};
		31A290182B8D00E900A3569C /* Managers */ = {
			isa = PBXGroup;
			children = (
				31A290192B8D014C00A3569C /* APICaller.swift */,
				3149BB2F2BA474FC00E756F4 /* DataPersistenceManager.swift */,
			);
			path = Managers;
			sourceTree = "<group>";
		};
		31B7A0AB2B87CEEE003684A3 /* Models */ = {
			isa = PBXGroup;
			children = (
				31A2901B2B8F7E8E00A3569C /* Movie.swift */,
				31F203B62B99CC2E0064955F /* YTResponse.swift */,
			);
			path = Models;
			sourceTree = "<group>";
		};
		31B7A0AC2B87CEF7003684A3 /* Views */ = {
			isa = PBXGroup;
			children = (
				31B7A0B02B8888D1003684A3 /* HeroHeaderUIView.swift */,
				31B7A0AE2B87CF88003684A3 /* CollectionViewTableViewCell.swift */,
				3141092E2B93356A00454AAE /* TitleCollectionViewCell.swift */,
				314109332B94BF3F00454AAE /* TitleTableViewCell.swift */,
			);
			path = Views;
			sourceTree = "<group>";
		};
		31B7A0AD2B87CEFF003684A3 /* ViewModels */ = {
			isa = PBXGroup;
			children = (
				312B3F662B97617000CC2A01 /* TitleVM.swift */,
				31F203BA2B9A315B0064955F /* TitlePreviewVM.swift */,
			);
			path = ViewModels;
			sourceTree = "<group>";
		};
/* End PBXGroup section */

/* Begin PBXNativeTarget section */
		319F95042B7C0279008915D0 /* TrailerHub */ = {
			isa = PBXNativeTarget;
			buildConfigurationList = 319F95192B7C027A008915D0 /* Build configuration list for PBXNativeTarget "TrailerHub" */;
			buildPhases = (
				319F95012B7C0279008915D0 /* Sources */,
				319F95022B7C0279008915D0 /* Frameworks */,
				319F95032B7C0279008915D0 /* Resources */,
			);
			buildRules = (
			);
			dependencies = (
			);
			name = TrailerHub;
			packageProductDependencies = (
				314109312B933BA800454AAE /* SDWebImage */,
			);
			productName = Netflix_Clone;
			productReference = 319F95052B7C0279008915D0 /* TrailerHub.app */;
			productType = "com.apple.product-type.application";
		};
/* End PBXNativeTarget section */

/* Begin PBXProject section */
		319F94FD2B7C0279008915D0 /* Project object */ = {
			isa = PBXProject;
			attributes = {
				BuildIndependentTargetsInParallel = 1;
				LastSwiftUpdateCheck = 1500;
				LastUpgradeCheck = 1500;
				TargetAttributes = {
					319F95042B7C0279008915D0 = {
						CreatedOnToolsVersion = 15.0;
					};
				};
			};
			buildConfigurationList = 319F95002B7C0279008915D0 /* Build configuration list for PBXProject "TrailerHub" */;
			compatibilityVersion = "Xcode 14.0";
			developmentRegion = en;
			hasScannedForEncodings = 0;
			knownRegions = (
				en,
				Base,
			);
			mainGroup = 319F94FC2B7C0279008915D0;
			packageReferences = (
				314109302B933BA800454AAE /* XCRemoteSwiftPackageReference "SDWebImage" */,
			);
			productRefGroup = 319F95062B7C0279008915D0 /* Products */;
			projectDirPath = "";
			projectRoot = "";
			targets = (
				319F95042B7C0279008915D0 /* TrailerHub */,
			);
		};
/* End PBXProject section */

/* Begin PBXResourcesBuildPhase section */
		319F95032B7C0279008915D0 /* Resources */ = {
			isa = PBXResourcesBuildPhase;
			buildActionMask = 2147483647;
			files = (
				319F95152B7C027A008915D0 /* LaunchScreen.storyboard in Resources */,
				319F95122B7C027A008915D0 /* Assets.xcassets in Resources */,
			);
			runOnlyForDeploymentPostprocessing = 0;
		};
/* End PBXResourcesBuildPhase section */

/* Begin PBXSourcesBuildPhase section */
		319F95012B7C0279008915D0 /* Sources */ = {
			isa = PBXSourcesBuildPhase;
			buildActionMask = 2147483647;
			files = (
				31F203BB2B9A315B0064955F /* TitlePreviewVM.swift in Sources */,
				314109342B94BF3F00454AAE /* TitleTableViewCell.swift in Sources */,
				319F95222B7C0A6E008915D0 /* LibraryVC.swift in Sources */,
				319F950D2B7C0279008915D0 /* TabBarVC.swift in Sources */,
				31B7A0AF2B87CF88003684A3 /* CollectionViewTableViewCell.swift in Sources */,
				31A2901A2B8D014C00A3569C /* APICaller.swift in Sources */,
				31B7A0B12B8888D1003684A3 /* HeroHeaderUIView.swift in Sources */,
				319F95202B7C0A4D008915D0 /* SearchVC.swift in Sources */,
				31F203B72B99CC2E0064955F /* YTResponse.swift in Sources */,
				3149BB302BA474FC00E756F4 /* DataPersistenceManager.swift in Sources */,
				319F95242B7C0CC5008915D0 /* UpcomingVC.swift in Sources */,
				319F951E2B7C0A36008915D0 /* HomeVC.swift in Sources */,
				319F95092B7C0279008915D0 /* AppDelegate.swift in Sources */,
				3141092F2B93356A00454AAE /* TitleCollectionViewCell.swift in Sources */,
				312B3F672B97617000CC2A01 /* TitleVM.swift in Sources */,
				312B3F692B98A9DF00CC2A01 /* SearchResultsVC.swift in Sources */,
				31A2901C2B8F7E8E00A3569C /* Movie.swift in Sources */,
				319F950B2B7C0279008915D0 /* SceneDelegate.swift in Sources */,
				315CDFEF2BA44FB100BBABE7 /* Model.xcdatamodeld in Sources */,
				31F203B92B99E3960064955F /* TitlePreviewVC.swift in Sources */,
			);
			runOnlyForDeploymentPostprocessing = 0;
		};
/* End PBXSourcesBuildPhase section */

/* Begin PBXVariantGroup section */
		319F95132B7C027A008915D0 /* LaunchScreen.storyboard */ = {
			isa = PBXVariantGroup;
			children = (
				319F95142B7C027A008915D0 /* Base */,
			);
			name = LaunchScreen.storyboard;
			sourceTree = "<group>";
		};
/* End PBXVariantGroup section */

/* Begin XCBuildConfiguration section */
		319F95172B7C027A008915D0 /* Debug */ = {
			isa = XCBuildConfiguration;
			buildSettings = {
				ALWAYS_SEARCH_USER_PATHS = NO;
				ASSETCATALOG_COMPILER_GENERATE_SWIFT_ASSET_SYMBOL_EXTENSIONS = YES;
				CLANG_ANALYZER_NONNULL = YES;
				CLANG_ANALYZER_NUMBER_OBJECT_CONVERSION = YES_AGGRESSIVE;
				CLANG_CXX_LANGUAGE_STANDARD = "gnu++20";
				CLANG_ENABLE_MODULES = YES;
				CLANG_ENABLE_OBJC_ARC = YES;
				CLANG_ENABLE_OBJC_WEAK = YES;
				CLANG_WARN_BLOCK_CAPTURE_AUTORELEASING = YES;
				CLANG_WARN_BOOL_CONVERSION = YES;
				CLANG_WARN_COMMA = YES;
				CLANG_WARN_CONSTANT_CONVERSION = YES;
				CLANG_WARN_DEPRECATED_OBJC_IMPLEMENTATIONS = YES;
				CLANG_WARN_DIRECT_OBJC_ISA_USAGE = YES_ERROR;
				CLANG_WARN_DOCUMENTATION_COMMENTS = YES;
				CLANG_WARN_EMPTY_BODY = YES;
				CLANG_WARN_ENUM_CONVERSION = YES;
				CLANG_WARN_INFINITE_RECURSION = YES;
				CLANG_WARN_INT_CONVERSION = YES;
				CLANG_WARN_NON_LITERAL_NULL_CONVERSION = YES;
				CLANG_WARN_OBJC_IMPLICIT_RETAIN_SELF = YES;
				CLANG_WARN_OBJC_LITERAL_CONVERSION = YES;
				CLANG_WARN_OBJC_ROOT_CLASS = YES_ERROR;
				CLANG_WARN_QUOTED_INCLUDE_IN_FRAMEWORK_HEADER = YES;
				CLANG_WARN_RANGE_LOOP_ANALYSIS = YES;
				CLANG_WARN_STRICT_PROTOTYPES = YES;
				CLANG_WARN_SUSPICIOUS_MOVE = YES;
				CLANG_WARN_UNGUARDED_AVAILABILITY = YES_AGGRESSIVE;
				CLANG_WARN_UNREACHABLE_CODE = YES;
				CLANG_WARN__DUPLICATE_METHOD_MATCH = YES;
				COPY_PHASE_STRIP = NO;
				DEBUG_INFORMATION_FORMAT = dwarf;
				ENABLE_STRICT_OBJC_MSGSEND = YES;
				ENABLE_TESTABILITY = YES;
				ENABLE_USER_SCRIPT_SANDBOXING = YES;
				GCC_C_LANGUAGE_STANDARD = gnu17;
				GCC_DYNAMIC_NO_PIC = NO;
				GCC_NO_COMMON_BLOCKS = YES;
				GCC_OPTIMIZATION_LEVEL = 0;
				GCC_PREPROCESSOR_DEFINITIONS = (
					"DEBUG=1",
					"$(inherited)",
				);
				GCC_WARN_64_TO_32_BIT_CONVERSION = YES;
				GCC_WARN_ABOUT_RETURN_TYPE = YES_ERROR;
				GCC_WARN_UNDECLARED_SELECTOR = YES;
				GCC_WARN_UNINITIALIZED_AUTOS = YES_AGGRESSIVE;
				GCC_WARN_UNUSED_FUNCTION = YES;
				GCC_WARN_UNUSED_VARIABLE = YES;
				IPHONEOS_DEPLOYMENT_TARGET = 17.0;
				LOCALIZATION_PREFERS_STRING_CATALOGS = YES;
				MTL_ENABLE_DEBUG_INFO = INCLUDE_SOURCE;
				MTL_FAST_MATH = YES;
				ONLY_ACTIVE_ARCH = YES;
				SDKROOT = iphoneos;
				SWIFT_ACTIVE_COMPILATION_CONDITIONS = "DEBUG $(inherited)";
				SWIFT_OPTIMIZATION_LEVEL = "-Onone";
			};
			name = Debug;
		};
		319F95182B7C027A008915D0 /* Release */ = {
			isa = XCBuildConfiguration;
			buildSettings = {
				ALWAYS_SEARCH_USER_PATHS = NO;
				ASSETCATALOG_COMPILER_GENERATE_SWIFT_ASSET_SYMBOL_EXTENSIONS = YES;
				CLANG_ANALYZER_NONNULL = YES;
				CLANG_ANALYZER_NUMBER_OBJECT_CONVERSION = YES_AGGRESSIVE;
				CLANG_CXX_LANGUAGE_STANDARD = "gnu++20";
				CLANG_ENABLE_MODULES = YES;
				CLANG_ENABLE_OBJC_ARC = YES;
				CLANG_ENABLE_OBJC_WEAK = YES;
				CLANG_WARN_BLOCK_CAPTURE_AUTORELEASING = YES;
				CLANG_WARN_BOOL_CONVERSION = YES;
				CLANG_WARN_COMMA = YES;
				CLANG_WARN_CONSTANT_CONVERSION = YES;
				CLANG_WARN_DEPRECATED_OBJC_IMPLEMENTATIONS = YES;
				CLANG_WARN_DIRECT_OBJC_ISA_USAGE = YES_ERROR;
				CLANG_WARN_DOCUMENTATION_COMMENTS = YES;
				CLANG_WARN_EMPTY_BODY = YES;
				CLANG_WARN_ENUM_CONVERSION = YES;
				CLANG_WARN_INFINITE_RECURSION = YES;
				CLANG_WARN_INT_CONVERSION = YES;
				CLANG_WARN_NON_LITERAL_NULL_CONVERSION = YES;
				CLANG_WARN_OBJC_IMPLICIT_RETAIN_SELF = YES;
				CLANG_WARN_OBJC_LITERAL_CONVERSION = YES;
				CLANG_WARN_OBJC_ROOT_CLASS = YES_ERROR;
				CLANG_WARN_QUOTED_INCLUDE_IN_FRAMEWORK_HEADER = YES;
				CLANG_WARN_RANGE_LOOP_ANALYSIS = YES;
				CLANG_WARN_STRICT_PROTOTYPES = YES;
				CLANG_WARN_SUSPICIOUS_MOVE = YES;
				CLANG_WARN_UNGUARDED_AVAILABILITY = YES_AGGRESSIVE;
				CLANG_WARN_UNREACHABLE_CODE = YES;
				CLANG_WARN__DUPLICATE_METHOD_MATCH = YES;
				COPY_PHASE_STRIP = NO;
				DEBUG_INFORMATION_FORMAT = "dwarf-with-dsym";
				ENABLE_NS_ASSERTIONS = NO;
				ENABLE_STRICT_OBJC_MSGSEND = YES;
				ENABLE_USER_SCRIPT_SANDBOXING = YES;
				GCC_C_LANGUAGE_STANDARD = gnu17;
				GCC_NO_COMMON_BLOCKS = YES;
				GCC_WARN_64_TO_32_BIT_CONVERSION = YES;
				GCC_WARN_ABOUT_RETURN_TYPE = YES_ERROR;
				GCC_WARN_UNDECLARED_SELECTOR = YES;
				GCC_WARN_UNINITIALIZED_AUTOS = YES_AGGRESSIVE;
				GCC_WARN_UNUSED_FUNCTION = YES;
				GCC_WARN_UNUSED_VARIABLE = YES;
				IPHONEOS_DEPLOYMENT_TARGET = 17.0;
				LOCALIZATION_PREFERS_STRING_CATALOGS = YES;
				MTL_ENABLE_DEBUG_INFO = NO;
				MTL_FAST_MATH = YES;
				SDKROOT = iphoneos;
				SWIFT_COMPILATION_MODE = wholemodule;
				VALIDATE_PRODUCT = YES;
			};
			name = Release;
		};
		319F951A2B7C027A008915D0 /* Debug */ = {
			isa = XCBuildConfiguration;
			buildSettings = {
				ASSETCATALOG_COMPILER_APPICON_NAME = AppIcon;
				ASSETCATALOG_COMPILER_GLOBAL_ACCENT_COLOR_NAME = AccentColor;
				CODE_SIGN_STYLE = Automatic;
				CURRENT_PROJECT_VERSION = 1;
				DEVELOPMENT_TEAM = T9HU79695H;
				GENERATE_INFOPLIST_FILE = YES;
				INFOPLIST_FILE = Netflix_Clone/Info.plist;
				INFOPLIST_KEY_CFBundleDisplayName = TrailerHub;
				INFOPLIST_KEY_UIApplicationSupportsIndirectInputEvents = YES;
				INFOPLIST_KEY_UILaunchStoryboardName = LaunchScreen;
				INFOPLIST_KEY_UISupportedInterfaceOrientations_iPad = "UIInterfaceOrientationPortrait UIInterfaceOrientationPortraitUpsideDown UIInterfaceOrientationLandscapeLeft UIInterfaceOrientationLandscapeRight";
				INFOPLIST_KEY_UISupportedInterfaceOrientations_iPhone = "UIInterfaceOrientationPortrait UIInterfaceOrientationLandscapeLeft UIInterfaceOrientationLandscapeRight";
				LD_RUNPATH_SEARCH_PATHS = (
					"$(inherited)",
					"@executable_path/Frameworks",
				);
				MARKETING_VERSION = 1.0;
				PRODUCT_BUNDLE_IDENTIFIER = "com.karan-verma.TrailerHub";
				PRODUCT_NAME = "$(TARGET_NAME)";
				SWIFT_EMIT_LOC_STRINGS = YES;
				SWIFT_VERSION = 5.0;
				TARGETED_DEVICE_FAMILY = "1,2";
			};
			name = Debug;
		};
		319F951B2B7C027A008915D0 /* Release */ = {
			isa = XCBuildConfiguration;
			buildSettings = {
				ASSETCATALOG_COMPILER_APPICON_NAME = AppIcon;
				ASSETCATALOG_COMPILER_GLOBAL_ACCENT_COLOR_NAME = AccentColor;
				CODE_SIGN_STYLE = Automatic;
				CURRENT_PROJECT_VERSION = 1;
				DEVELOPMENT_TEAM = T9HU79695H;
				GENERATE_INFOPLIST_FILE = YES;
				INFOPLIST_FILE = Netflix_Clone/Info.plist;
				INFOPLIST_KEY_CFBundleDisplayName = TrailerHub;
				INFOPLIST_KEY_UIApplicationSupportsIndirectInputEvents = YES;
				INFOPLIST_KEY_UILaunchStoryboardName = LaunchScreen;
				INFOPLIST_KEY_UISupportedInterfaceOrientations_iPad = "UIInterfaceOrientationPortrait UIInterfaceOrientationPortraitUpsideDown UIInterfaceOrientationLandscapeLeft UIInterfaceOrientationLandscapeRight";
				INFOPLIST_KEY_UISupportedInterfaceOrientations_iPhone = "UIInterfaceOrientationPortrait UIInterfaceOrientationLandscapeLeft UIInterfaceOrientationLandscapeRight";
				LD_RUNPATH_SEARCH_PATHS = (
					"$(inherited)",
					"@executable_path/Frameworks",
				);
				MARKETING_VERSION = 1.0;
				PRODUCT_BUNDLE_IDENTIFIER = "com.karan-verma.TrailerHub";
				PRODUCT_NAME = "$(TARGET_NAME)";
				SWIFT_EMIT_LOC_STRINGS = YES;
				SWIFT_VERSION = 5.0;
				TARGETED_DEVICE_FAMILY = "1,2";
			};
			name = Release;
		};
/* End XCBuildConfiguration section */

/* Begin XCConfigurationList section */
		319F95002B7C0279008915D0 /* Build configuration list for PBXProject "TrailerHub" */ = {
			isa = XCConfigurationList;
			buildConfigurations = (
				319F95172B7C027A008915D0 /* Debug */,
				319F95182B7C027A008915D0 /* Release */,
			);
			defaultConfigurationIsVisible = 0;
			defaultConfigurationName = Release;
		};
		319F95192B7C027A008915D0 /* Build configuration list for PBXNativeTarget "TrailerHub" */ = {
			isa = XCConfigurationList;
			buildConfigurations = (
				319F951A2B7C027A008915D0 /* Debug */,
				319F951B2B7C027A008915D0 /* Release */,
			);
			defaultConfigurationIsVisible = 0;
			defaultConfigurationName = Release;
		};
/* End XCConfigurationList section */

/* Begin XCRemoteSwiftPackageReference section */
		314109302B933BA800454AAE /* XCRemoteSwiftPackageReference "SDWebImage" */ = {
			isa = XCRemoteSwiftPackageReference;
			repositoryURL = "https://github.com/SDWebImage/SDWebImage.git";
			requirement = {
				kind = upToNextMajorVersion;
				minimumVersion = 5.19.0;
			};
		};
/* End XCRemoteSwiftPackageReference section */

/* Begin XCSwiftPackageProductDependency section */
		314109312B933BA800454AAE /* SDWebImage */ = {
			isa = XCSwiftPackageProductDependency;
			package = 314109302B933BA800454AAE /* XCRemoteSwiftPackageReference "SDWebImage" */;
			productName = SDWebImage;
		};
/* End XCSwiftPackageProductDependency section */

/* Begin XCVersionGroup section */
		315CDFED2BA44FB100BBABE7 /* Model.xcdatamodeld */ = {
			isa = XCVersionGroup;
			children = (
				315CDFEE2BA44FB100BBABE7 /* Model.xcdatamodel */,
			);
			currentVersion = 315CDFEE2BA44FB100BBABE7 /* Model.xcdatamodel */;
			name = Model.xcdatamodeld;
			path = /Users/karanverma/Documents/Karan/Projects/iOS/Netflix_Clone/Model.xcdatamodeld;
			sourceTree = "<group>";
			versionGroupType = wrapper.xcdatamodel;
		};
/* End XCVersionGroup section */
	};
	rootObject = 319F94FD2B7C0279008915D0 /* Project object */;
}
